
Microsoft Visual Studio Solution File, Format Version 12.00
# Visual Studio Version 16
VisualStudioVersion = 16.0.29020.237
MinimumVisualStudioVersion = 10.0.40219.1
Project("{FAE04EC0-301F-11D3-BF4B-00C04F79EFBC}") = "FaceRecognitionActivityService", "FaceRecognitionActivityService\FaceRecognitionActivityService.csproj", "{587F4E4C-1A01-4969-932B-5EC935F70C7C}"
EndProject
Global
	GlobalSection(SolutionConfigurationPlatforms) = preSolution
		Debug|Any CPU = Debug|Any CPU
		Release|Any CPU = Release|Any CPU
	EndGlobalSection
	GlobalSection(ProjectConfigurationPlatforms) = postSolution
		{587F4E4C-1A01-4969-932B-5EC935F70C7C}.Debug|Any CPU.ActiveCfg = Debug|Any CPU
		{587F4E4C-1A01-4969-932B-5EC935F70C7C}.Debug|Any CPU.Build.0 = Debug|Any CPU
		{587F4E4C-1A01-4969-932B-5EC935F70C7C}.Release|Any CPU.ActiveCfg = Release|Any CPU
		{587F4E4C-1A01-4969-932B-5EC935F70C7C}.Release|Any CPU.Build.0 = Release|Any CPU
	EndGlobalSection
	GlobalSection(SolutionProperties) = preSolution
		HideSolutionNode = FALSE
	EndGlobalSection
	GlobalSection(ExtensibilityGlobals) = postSolution
		SolutionGuid = {A43FB1A7-A0F8-4BBA-BCF5-8B8A6300BA3A}
	EndGlobalSection
EndGlobal
